
Microsoft Visual Studio Solution File, Format Version 12.00
# Visual Studio Version 16
VisualStudioVersion = 16.0.29613.14
MinimumVisualStudioVersion = 15.0.26124.0
Project("{2150E333-8FDC-42A3-9474-1A3956D46DE8}") = "src", "src", "{3FDC990F-5847-4174-ADBD-17D2EC0AC5C8}"
EndProject
Project("{9A19103F-16F7-4668-BE54-9A1E7A4F7556}") = "Nacre", "src\Nacre\Nacre.csproj", "{B46ADBA5-1551-4C08-AE46-C5DB1E219886}"
EndProject
Project("{9A19103F-16F7-4668-BE54-9A1E7A4F7556}") = "NacreRenderer", "src\NacreRenderer\NacreRenderer.csproj", "{96D731A3-D14B-408B-AD72-9A0A66A36CEE}"
	ProjectSection(ProjectDependencies) = postProject
		{B46ADBA5-1551-4C08-AE46-C5DB1E219886} = {B46ADBA5-1551-4C08-AE46-C5DB1E219886}
	EndProjectSection
EndProject
Global
	GlobalSection(SolutionConfigurationPlatforms) = preSolution
		Debug|Any CPU = Debug|Any CPU
		Debug|x64 = Debug|x64
		Debug|x86 = Debug|x86
		Release|Any CPU = Release|Any CPU
		Release|x64 = Release|x64
		Release|x86 = Release|x86
	EndGlobalSection
	GlobalSection(ProjectConfigurationPlatforms) = postSolution
		{B46ADBA5-1551-4C08-AE46-C5DB1E219886}.Debug|Any CPU.ActiveCfg = Debug|Any CPU
		{B46ADBA5-1551-4C08-AE46-C5DB1E219886}.Debug|Any CPU.Build.0 = Debug|Any CPU
		{B46ADBA5-1551-4C08-AE46-C5DB1E219886}.Debug|x64.ActiveCfg = Debug|Any CPU
		{B46ADBA5-1551-4C08-AE46-C5DB1E219886}.Debug|x64.Build.0 = Debug|Any CPU
		{B46ADBA5-1551-4C08-AE46-C5DB1E219886}.Debug|x86.ActiveCfg = Debug|Any CPU
		{B46ADBA5-1551-4C08-AE46-C5DB1E219886}.Debug|x86.Build.0 = Debug|Any CPU
		{B46ADBA5-1551-4C08-AE46-C5DB1E219886}.Release|Any CPU.ActiveCfg = Release|Any CPU
		{B46ADBA5-1551-4C08-AE46-C5DB1E219886}.Release|Any CPU.Build.0 = Release|Any CPU
		{B46ADBA5-1551-4C08-AE46-C5DB1E219886}.Release|x64.ActiveCfg = Release|Any CPU
		{B46ADBA5-1551-4C08-AE46-C5DB1E219886}.Release|x64.Build.0 = Release|Any CPU
		{B46ADBA5-1551-4C08-AE46-C5DB1E219886}.Release|x86.ActiveCfg = Release|Any CPU
		{B46ADBA5-1551-4C08-AE46-C5DB1E219886}.Release|x86.Build.0 = Release|Any CPU
		{96D731A3-D14B-408B-AD72-9A0A66A36CEE}.Debug|Any CPU.ActiveCfg = Debug|Any CPU
		{96D731A3-D14B-408B-AD72-9A0A66A36CEE}.Debug|Any CPU.Build.0 = Debug|Any CPU
		{96D731A3-D14B-408B-AD72-9A0A66A36CEE}.Debug|x64.ActiveCfg = Debug|Any CPU
		{96D731A3-D14B-408B-AD72-9A0A66A36CEE}.Debug|x64.Build.0 = Debug|Any CPU
		{96D731A3-D14B-408B-AD72-9A0A66A36CEE}.Debug|x86.ActiveCfg = Debug|Any CPU
		{96D731A3-D14B-408B-AD72-9A0A66A36CEE}.Debug|x86.Build.0 = Debug|Any CPU
		{96D731A3-D14B-408B-AD72-9A0A66A36CEE}.Release|Any CPU.ActiveCfg = Release|Any CPU
		{96D731A3-D14B-408B-AD72-9A0A66A36CEE}.Release|Any CPU.Build.0 = Release|Any CPU
		{96D731A3-D14B-408B-AD72-9A0A66A36CEE}.Release|x64.ActiveCfg = Release|Any CPU
		{96D731A3-D14B-408B-AD72-9A0A66A36CEE}.Release|x64.Build.0 = Release|Any CPU
		{96D731A3-D14B-408B-AD72-9A0A66A36CEE}.Release|x86.ActiveCfg = Release|Any CPU
		{96D731A3-D14B-408B-AD72-9A0A66A36CEE}.Release|x86.Build.0 = Release|Any CPU
	EndGlobalSection
	GlobalSection(SolutionProperties) = preSolution
		HideSolutionNode = FALSE
	EndGlobalSection
	GlobalSection(NestedProjects) = preSolution
		{B46ADBA5-1551-4C08-AE46-C5DB1E219886} = {3FDC990F-5847-4174-ADBD-17D2EC0AC5C8}
		{96D731A3-D14B-408B-AD72-9A0A66A36CEE} = {3FDC990F-5847-4174-ADBD-17D2EC0AC5C8}
	EndGlobalSection
	GlobalSection(ExtensibilityGlobals) = postSolution
		SolutionGuid = {360BFA2E-D66C-4F6F-B4EC-5870DA28A2A5}
	EndGlobalSection
EndGlobal
